// !$*UTF8*$!
{
	archiveVersion = 1;
	classes = {
	};
	objectVersion = 46;
	objects = {

/* Begin PBXBuildFile section */
		18ECA0961D4AB0DE006EB161 /* AppDelegate.swift in Sources */ = {isa = PBXBuildFile; fileRef = 18ECA0951D4AB0DE006EB161 /* AppDelegate.swift */; };
		18ECA0981D4AB0DE006EB161 /* ViewController.swift in Sources */ = {isa = PBXBuildFile; fileRef = 18ECA0971D4AB0DE006EB161 /* ViewController.swift */; };
		18ECA09B1D4AB0DE006EB161 /* Main.storyboard in Resources */ = {isa = PBXBuildFile; fileRef = 18ECA0991D4AB0DE006EB161 /* Main.storyboard */; };
		18ECA09D1D4AB0DE006EB161 /* Assets.xcassets in Resources */ = {isa = PBXBuildFile; fileRef = 18ECA09C1D4AB0DE006EB161 /* Assets.xcassets */; };
		18ECA0A01D4AB0DE006EB161 /* LaunchScreen.storyboard in Resources */ = {isa = PBXBuildFile; fileRef = 18ECA09E1D4AB0DE006EB161 /* LaunchScreen.storyboard */; };
		18ECA0A81D4AB465006EB161 /* CircularKnobs.swift in Sources */ = {isa = PBXBuildFile; fileRef = 18ECA0A71D4AB465006EB161 /* CircularKnobs.swift */; };
/* End PBXBuildFile section */

/* Begin PBXFileReference section */
		18ECA0921D4AB0DE006EB161 /* CircleSliders.app */ = {isa = PBXFileReference; explicitFileType = wrapper.application; includeInIndex = 0; path = CircleSliders.app; sourceTree = BUILT_PRODUCTS_DIR; };
		18ECA0951D4AB0DE006EB161 /* AppDelegate.swift */ = {isa = PBXFileReference; lastKnownFileType = sourcecode.swift; path = AppDelegate.swift; sourceTree = "<group>"; };
		18ECA0971D4AB0DE006EB161 /* ViewController.swift */ = {isa = PBXFileReference; lastKnownFileType = sourcecode.swift; path = ViewController.swift; sourceTree = "<group>"; };
		18ECA09A1D4AB0DE006EB161 /* Base */ = {isa = PBXFileReference; lastKnownFileType = file.storyboard; name = Base; path = Base.lproj/Main.storyboard; sourceTree = "<group>"; };
		18ECA09C1D4AB0DE006EB161 /* Assets.xcassets */ = {isa = PBXFileReference; lastKnownFileType = folder.assetcatalog; path = Assets.xcassets; sourceTree = "<group>"; };
		18ECA09F1D4AB0DE006EB161 /* Base */ = {isa = PBXFileReference; lastKnownFileType = file.storyboard; name = Base; path = Base.lproj/LaunchScreen.storyboard; sourceTree = "<group>"; };
		18ECA0A11D4AB0DE006EB161 /* Info.plist */ = {isa = PBXFileReference; lastKnownFileType = text.plist.xml; path = Info.plist; sourceTree = "<group>"; };
		18ECA0A71D4AB465006EB161 /* CircularKnobs.swift */ = {isa = PBXFileReference; fileEncoding = 4; lastKnownFileType = sourcecode.swift; path = CircularKnobs.swift; sourceTree = "<group>"; };
/* End PBXFileReference section */

/* Begin PBXFrameworksBuildPhase section */
		18ECA08F1D4AB0DE006EB161 /* Frameworks */ = {
			isa = PBXFrameworksBuildPhase;
			buildActionMask = 2147483647;
			files = (
			);
			runOnlyForDeploymentPostprocessing = 0;
		};
/* End PBXFrameworksBuildPhase section */

/* Begin PBXGroup section */
		18ECA0891D4AB0DE006EB161 = {
			isa = PBXGroup;
			children = (
				18ECA0941D4AB0DE006EB161 /* CircleSliders */,
				18ECA0931D4AB0DE006EB161 /* Products */,
			);
			sourceTree = "<group>";
		};
		18ECA0931D4AB0DE006EB161 /* Products */ = {
			isa = PBXGroup;
			children = (
				18ECA0921D4AB0DE006EB161 /* CircleSliders.app */,
			);
			name = Products;
			sourceTree = "<group>";
		};
		18ECA0941D4AB0DE006EB161 /* CircleSliders */ = {
			isa = PBXGroup;
			children = (
				18ECA0951D4AB0DE006EB161 /* AppDelegate.swift */,
				18ECA0971D4AB0DE006EB161 /* ViewController.swift */,
				18ECA0991D4AB0DE006EB161 /* Main.storyboard */,
				18ECA0A71D4AB465006EB161 /* CircularKnobs.swift */,
				18ECA09C1D4AB0DE006EB161 /* Assets.xcassets */,
				18ECA09E1D4AB0DE006EB161 /* LaunchScreen.storyboard */,
				18ECA0A11D4AB0DE006EB161 /* Info.plist */,
			);
			path = CircleSliders;
			sourceTree = "<group>";
		};
/* End PBXGroup section */

/* Begin PBXNativeTarget section */
		18ECA0911D4AB0DE006EB161 /* CircleSliders */ = {
			isa = PBXNativeTarget;
			buildConfigurationList = 18ECA0A41D4AB0DE006EB161 /* Build configuration list for PBXNativeTarget "CircleSliders" */;
			buildPhases = (
				18ECA08E1D4AB0DE006EB161 /* Sources */,
				18ECA08F1D4AB0DE006EB161 /* Frameworks */,
				18ECA0901D4AB0DE006EB161 /* Resources */,
			);
			buildRules = (
			);
			dependencies = (
			);
			name = CircleSliders;
			productName = CircleSliders;
			productReference = 18ECA0921D4AB0DE006EB161 /* CircleSliders.app */;
			productType = "com.apple.product-type.application";
		};
/* End PBXNativeTarget section */

/* Begin PBXProject section */
		18ECA08A1D4AB0DE006EB161 /* Project object */ = {
			isa = PBXProject;
			attributes = {
				LastSwiftUpdateCheck = 0800;
				LastUpgradeCheck = 0800;
				ORGANIZATIONNAME = "Apple Warriors";
				TargetAttributes = {
					18ECA0911D4AB0DE006EB161 = {
						CreatedOnToolsVersion = 8.0;
						DevelopmentTeam = RPSP6RN6WU;
						DevelopmentTeamName = "Swetha Prabakaran (Personal Team)";
						ProvisioningStyle = Automatic;
					};
				};
			};
			buildConfigurationList = 18ECA08D1D4AB0DE006EB161 /* Build configuration list for PBXProject "CircleSliders" */;
			compatibilityVersion = "Xcode 3.2";
			developmentRegion = English;
			hasScannedForEncodings = 0;
			knownRegions = (
				en,
				Base,
			);
			mainGroup = 18ECA0891D4AB0DE006EB161;
			productRefGroup = 18ECA0931D4AB0DE006EB161 /* Products */;
			projectDirPath = "";
			projectRoot = "";
			targets = (
				18ECA0911D4AB0DE006EB161 /* CircleSliders */,
			);
		};
/* End PBXProject section */

/* Begin PBXResourcesBuildPhase section */
		18ECA0901D4AB0DE006EB161 /* Resources */ = {
			isa = PBXResourcesBuildPhase;
			buildActionMask = 2147483647;
			files = (
				18ECA0A01D4AB0DE006EB161 /* LaunchScreen.storyboard in Resources */,
				18ECA09D1D4AB0DE006EB161 /* Assets.xcassets in Resources */,
				18ECA09B1D4AB0DE006EB161 /* Main.storyboard in Resources */,
			);
			runOnlyForDeploymentPostprocessing = 0;
		};
/* End PBXResourcesBuildPhase section */

/* Begin PBXSourcesBuildPhase section */
		18ECA08E1D4AB0DE006EB161 /* Sources */ = {
			isa = PBXSourcesBuildPhase;
			buildActionMask = 2147483647;
			files = (
				18ECA0981D4AB0DE006EB161 /* ViewController.swift in Sources */,
				18ECA0961D4AB0DE006EB161 /* AppDelegate.swift in Sources */,
				18ECA0A81D4AB465006EB161 /* CircularKnobs.swift in Sources */,
			);
			runOnlyForDeploymentPostprocessing = 0;
		};
/* End PBXSourcesBuildPhase section */

/* Begin PBXVariantGroup section */
		18ECA0991D4AB0DE006EB161 /* Main.storyboard */ = {
			isa = PBXVariantGroup;
			children = (
				18ECA09A1D4AB0DE006EB161 /* Base */,
			);
			name = Main.storyboard;
			sourceTree = "<group>";
		};
		18ECA09E1D4AB0DE006EB161 /* LaunchScreen.storyboard */ = {
			isa = PBXVariantGroup;
			children = (
				18ECA09F1D4AB0DE006EB161 /* Base */,
			);
			name = LaunchScreen.storyboard;
			sourceTree = "<group>";
		};
/* End PBXVariantGroup section */

/* Begin XCBuildConfiguration section */
		18ECA0A21D4AB0DE006EB161 /* Debug */ = {
			isa = XCBuildConfiguration;
			buildSettings = {
				ALWAYS_SEARCH_USER_PATHS = NO;
				CLANG_ANALYZER_NONNULL = YES;
				CLANG_CXX_LANGUAGE_STANDARD = "gnu++0x";
				CLANG_CXX_LIBRARY = "libc++";
				CLANG_ENABLE_MODULES = YES;
				CLANG_ENABLE_OBJC_ARC = YES;
				CLANG_WARN_BOOL_CONVERSION = YES;
				CLANG_WARN_CONSTANT_CONVERSION = YES;
				CLANG_WARN_DIRECT_OBJC_ISA_USAGE = YES_ERROR;
				CLANG_WARN_DOCUMENTATION_COMMENTS = YES;
				CLANG_WARN_EMPTY_BODY = YES;
				CLANG_WARN_ENUM_CONVERSION = YES;
				CLANG_WARN_INT_CONVERSION = YES;
				CLANG_WARN_OBJC_ROOT_CLASS = YES_ERROR;
				CLANG_WARN_UNREACHABLE_CODE = YES;
				CLANG_WARN__DUPLICATE_METHOD_MATCH = YES;
				"CODE_SIGN_IDENTITY[sdk=iphoneos*]" = "iPhone Developer";
				COPY_PHASE_STRIP = NO;
				DEBUG_INFORMATION_FORMAT = dwarf;
				ENABLE_STRICT_OBJC_MSGSEND = YES;
				ENABLE_TESTABILITY = YES;
				GCC_C_LANGUAGE_STANDARD = gnu99;
				GCC_DYNAMIC_NO_PIC = NO;
				GCC_NO_COMMON_BLOCKS = YES;
				GCC_OPTIMIZATION_LEVEL = 0;
				GCC_PREPROCESSOR_DEFINITIONS = (
					"DEBUG=1",
					"$(inherited)",
				);
				GCC_WARN_64_TO_32_BIT_CONVERSION = YES;
				GCC_WARN_ABOUT_RETURN_TYPE = YES_ERROR;
				GCC_WARN_UNDECLARED_SELECTOR = YES;
				GCC_WARN_UNINITIALIZED_AUTOS = YES_AGGRESSIVE;
				GCC_WARN_UNUSED_FUNCTION = YES;
				GCC_WARN_UNUSED_VARIABLE = YES;
				IPHONEOS_DEPLOYMENT_TARGET = 10.0;
				MTL_ENABLE_DEBUG_INFO = YES;
				ONLY_ACTIVE_ARCH = YES;
				SDKROOT = iphoneos;
				SWIFT_ACTIVE_COMPILATION_CONDITIONS = DEBUG;
				SWIFT_OPTIMIZATION_LEVEL = "-Onone";
				TARGETED_DEVICE_FAMILY = "1,2";
			};
			name = Debug;
		};
		18ECA0A31D4AB0DE006EB161 /* Release */ = {
			isa = XCBuildConfiguration;
			buildSettings = {
				ALWAYS_SEARCH_USER_PATHS = NO;
				CLANG_ANALYZER_NONNULL = YES;
				CLANG_CXX_LANGUAGE_STANDARD = "gnu++0x";
				CLANG_CXX_LIBRARY = "libc++";
				CLANG_ENABLE_MODULES = YES;
				CLANG_ENABLE_OBJC_ARC = YES;
				CLANG_WARN_BOOL_CONVERSION = YES;
				CLANG_WARN_CONSTANT_CONVERSION = YES;
				CLANG_WARN_DIRECT_OBJC_ISA_USAGE = YES_ERROR;
				CLANG_WARN_DOCUMENTATION_COMMENTS = YES;
				CLANG_WARN_EMPTY_BODY = YES;
				CLANG_WARN_ENUM_CONVERSION = YES;
				CLANG_WARN_INT_CONVERSION = YES;
				CLANG_WARN_OBJC_ROOT_CLASS = YES_ERROR;
				CLANG_WARN_UNREACHABLE_CODE = YES;
				CLANG_WARN__DUPLICATE_METHOD_MATCH = YES;
				"CODE_SIGN_IDENTITY[sdk=iphoneos*]" = "iPhone Developer";
				COPY_PHASE_STRIP = NO;
				DEBUG_INFORMATION_FORMAT = "dwarf-with-dsym";
				ENABLE_NS_ASSERTIONS = NO;
				ENABLE_STRICT_OBJC_MSGSEND = YES;
				GCC_C_LANGUAGE_STANDARD = gnu99;
				GCC_NO_COMMON_BLOCKS = YES;
				GCC_WARN_64_TO_32_BIT_CONVERSION = YES;
				GCC_WARN_ABOUT_RETURN_TYPE = YES_ERROR;
				GCC_WARN_UNDECLARED_SELECTOR = YES;
				GCC_WARN_UNINITIALIZED_AUTOS = YES_AGGRESSIVE;
				GCC_WARN_UNUSED_FUNCTION = YES;
				GCC_WARN_UNUSED_VARIABLE = YES;
				IPHONEOS_DEPLOYMENT_TARGET = 10.0;
				MTL_ENABLE_DEBUG_INFO = NO;
				SDKROOT = iphoneos;
				SWIFT_OPTIMIZATION_LEVEL = "-Owholemodule";
				TARGETED_DEVICE_FAMILY = "1,2";
				VALIDATE_PRODUCT = YES;
			};
			name = Release;
		};
		18ECA0A51D4AB0DE006EB161 /* Debug */ = {
			isa = XCBuildConfiguration;
			buildSettings = {
				ASSETCATALOG_COMPILER_APPICON_NAME = AppIcon;
				INFOPLIST_FILE = CircleSliders/Info.plist;
				LD_RUNPATH_SEARCH_PATHS = "$(inherited) @executable_path/Frameworks";
				PRODUCT_BUNDLE_IDENTIFIER = com.applewarriors.CircleSliders;
				PRODUCT_NAME = "$(TARGET_NAME)";
				SWIFT_VERSION = 3.0;
			};
			name = Debug;
		};
		18ECA0A61D4AB0DE006EB161 /* Release */ = {
			isa = XCBuildConfiguration;
			buildSettings = {
				ASSETCATALOG_COMPILER_APPICON_NAME = AppIcon;
				INFOPLIST_FILE = CircleSliders/Info.plist;
				LD_RUNPATH_SEARCH_PATHS = "$(inherited) @executable_path/Frameworks";
				PRODUCT_BUNDLE_IDENTIFIER = com.applewarriors.CircleSliders;
				PRODUCT_NAME = "$(TARGET_NAME)";
				SWIFT_VERSION = 3.0;
			};
			name = Release;
		};
/* End XCBuildConfiguration section */

/* Begin XCConfigurationList section */
		18ECA08D1D4AB0DE006EB161 /* Build configuration list for PBXProject "CircleSliders" */ = {
			isa = XCConfigurationList;
			buildConfigurations = (
				18ECA0A21D4AB0DE006EB161 /* Debug */,
				18ECA0A31D4AB0DE006EB161 /* Release */,
			);
			defaultConfigurationIsVisible = 0;
			defaultConfigurationName = Release;
		};
		18ECA0A41D4AB0DE006EB161 /* Build configuration list for PBXNativeTarget "CircleSliders" */ = {
			isa = XCConfigurationList;
			buildConfigurations = (
				18ECA0A51D4AB0DE006EB161 /* Debug */,
				18ECA0A61D4AB0DE006EB161 /* Release */,
			);
			defaultConfigurationIsVisible = 0;
		};
/* End XCConfigurationList section */
	};
	rootObject = 18ECA08A1D4AB0DE006EB161 /* Project object */;
}
