// !$*UTF8*$!
{
	archiveVersion = 1;
	classes = {
	};
	objectVersion = 46;
	objects = {

/* Begin PBXBuildFile section */
		189D074B1D47D9C3000F1D7A /* AppDelegate.swift in Sources */ = {isa = PBXBuildFile; fileRef = 189D074A1D47D9C3000F1D7A /* AppDelegate.swift */; };
		189D074D1D47D9C3000F1D7A /* ViewController.swift in Sources */ = {isa = PBXBuildFile; fileRef = 189D074C1D47D9C3000F1D7A /* ViewController.swift */; };
		189D07501D47D9C3000F1D7A /* Main.storyboard in Resources */ = {isa = PBXBuildFile; fileRef = 189D074E1D47D9C3000F1D7A /* Main.storyboard */; };
		189D07521D47D9C3000F1D7A /* Assets.xcassets in Resources */ = {isa = PBXBuildFile; fileRef = 189D07511D47D9C3000F1D7A /* Assets.xcassets */; };
		189D07551D47D9C3000F1D7A /* LaunchScreen.storyboard in Resources */ = {isa = PBXBuildFile; fileRef = 189D07531D47D9C3000F1D7A /* LaunchScreen.storyboard */; };
		189D075D1D47E197000F1D7A /* ColorView.swift in Sources */ = {isa = PBXBuildFile; fileRef = 189D075C1D47E197000F1D7A /* ColorView.swift */; };
/* End PBXBuildFile section */

/* Begin PBXFileReference section */
		189D07471D47D9C3000F1D7A /* testTwo.app */ = {isa = PBXFileReference; explicitFileType = wrapper.application; includeInIndex = 0; path = testTwo.app; sourceTree = BUILT_PRODUCTS_DIR; };
		189D074A1D47D9C3000F1D7A /* AppDelegate.swift */ = {isa = PBXFileReference; lastKnownFileType = sourcecode.swift; path = AppDelegate.swift; sourceTree = "<group>"; };
		189D074C1D47D9C3000F1D7A /* ViewController.swift */ = {isa = PBXFileReference; lastKnownFileType = sourcecode.swift; path = ViewController.swift; sourceTree = "<group>"; };
		189D074F1D47D9C3000F1D7A /* Base */ = {isa = PBXFileReference; lastKnownFileType = file.storyboard; name = Base; path = Base.lproj/Main.storyboard; sourceTree = "<group>"; };
		189D07511D47D9C3000F1D7A /* Assets.xcassets */ = {isa = PBXFileReference; lastKnownFileType = folder.assetcatalog; path = Assets.xcassets; sourceTree = "<group>"; };
		189D07541D47D9C3000F1D7A /* Base */ = {isa = PBXFileReference; lastKnownFileType = file.storyboard; name = Base; path = Base.lproj/LaunchScreen.storyboard; sourceTree = "<group>"; };
		189D07561D47D9C3000F1D7A /* Info.plist */ = {isa = PBXFileReference; lastKnownFileType = text.plist.xml; path = Info.plist; sourceTree = "<group>"; };
		189D075C1D47E197000F1D7A /* ColorView.swift */ = {isa = PBXFileReference; fileEncoding = 4; lastKnownFileType = sourcecode.swift; path = ColorView.swift; sourceTree = "<group>"; };
/* End PBXFileReference section */

/* Begin PBXFrameworksBuildPhase section */
		189D07441D47D9C3000F1D7A /* Frameworks */ = {
			isa = PBXFrameworksBuildPhase;
			buildActionMask = 2147483647;
			files = (
			);
			runOnlyForDeploymentPostprocessing = 0;
		};
/* End PBXFrameworksBuildPhase section */

/* Begin PBXGroup section */
		189D073E1D47D9C3000F1D7A = {
			isa = PBXGroup;
			children = (
				189D07491D47D9C3000F1D7A /* testTwo */,
				189D07481D47D9C3000F1D7A /* Products */,
			);
			sourceTree = "<group>";
		};
		189D07481D47D9C3000F1D7A /* Products */ = {
			isa = PBXGroup;
			children = (
				189D07471D47D9C3000F1D7A /* testTwo.app */,
			);
			name = Products;
			sourceTree = "<group>";
		};
		189D07491D47D9C3000F1D7A /* testTwo */ = {
			isa = PBXGroup;
			children = (
				189D074A1D47D9C3000F1D7A /* AppDelegate.swift */,
				189D074C1D47D9C3000F1D7A /* ViewController.swift */,
				189D075C1D47E197000F1D7A /* ColorView.swift */,
				189D074E1D47D9C3000F1D7A /* Main.storyboard */,
				189D07511D47D9C3000F1D7A /* Assets.xcassets */,
				189D07531D47D9C3000F1D7A /* LaunchScreen.storyboard */,
				189D07561D47D9C3000F1D7A /* Info.plist */,
			);
			path = testTwo;
			sourceTree = "<group>";
		};
/* End PBXGroup section */

/* Begin PBXNativeTarget section */
		189D07461D47D9C3000F1D7A /* testTwo */ = {
			isa = PBXNativeTarget;
			buildConfigurationList = 189D07591D47D9C3000F1D7A /* Build configuration list for PBXNativeTarget "testTwo" */;
			buildPhases = (
				189D07431D47D9C3000F1D7A /* Sources */,
				189D07441D47D9C3000F1D7A /* Frameworks */,
				189D07451D47D9C3000F1D7A /* Resources */,
			);
			buildRules = (
			);
			dependencies = (
			);
			name = testTwo;
			productName = testTwo;
			productReference = 189D07471D47D9C3000F1D7A /* testTwo.app */;
			productType = "com.apple.product-type.application";
		};
/* End PBXNativeTarget section */

/* Begin PBXProject section */
		189D073F1D47D9C3000F1D7A /* Project object */ = {
			isa = PBXProject;
			attributes = {
				LastSwiftUpdateCheck = 0800;
				LastUpgradeCheck = 0800;
				ORGANIZATIONNAME = "Apple Warriors";
				TargetAttributes = {
					189D07461D47D9C3000F1D7A = {
						CreatedOnToolsVersion = 8.0;
						DevelopmentTeam = RPSP6RN6WU;
						DevelopmentTeamName = "Swetha Prabakaran (Personal Team)";
						ProvisioningStyle = Automatic;
					};
				};
			};
			buildConfigurationList = 189D07421D47D9C3000F1D7A /* Build configuration list for PBXProject "testTwo" */;
			compatibilityVersion = "Xcode 3.2";
			developmentRegion = English;
			hasScannedForEncodings = 0;
			knownRegions = (
				en,
				Base,
			);
			mainGroup = 189D073E1D47D9C3000F1D7A;
			productRefGroup = 189D07481D47D9C3000F1D7A /* Products */;
			projectDirPath = "";
			projectRoot = "";
			targets = (
				189D07461D47D9C3000F1D7A /* testTwo */,
			);
		};
/* End PBXProject section */

/* Begin PBXResourcesBuildPhase section */
		189D07451D47D9C3000F1D7A /* Resources */ = {
			isa = PBXResourcesBuildPhase;
			buildActionMask = 2147483647;
			files = (
				189D07551D47D9C3000F1D7A /* LaunchScreen.storyboard in Resources */,
				189D07521D47D9C3000F1D7A /* Assets.xcassets in Resources */,
				189D07501D47D9C3000F1D7A /* Main.storyboard in Resources */,
			);
			runOnlyForDeploymentPostprocessing = 0;
		};
/* End PBXResourcesBuildPhase section */

/* Begin PBXSourcesBuildPhase section */
		189D07431D47D9C3000F1D7A /* Sources */ = {
			isa = PBXSourcesBuildPhase;
			buildActionMask = 2147483647;
			files = (
				189D075D1D47E197000F1D7A /* ColorView.swift in Sources */,
				189D074D1D47D9C3000F1D7A /* ViewController.swift in Sources */,
				189D074B1D47D9C3000F1D7A /* AppDelegate.swift in Sources */,
			);
			runOnlyForDeploymentPostprocessing = 0;
		};
/* End PBXSourcesBuildPhase section */

/* Begin PBXVariantGroup section */
		189D074E1D47D9C3000F1D7A /* Main.storyboard */ = {
			isa = PBXVariantGroup;
			children = (
				189D074F1D47D9C3000F1D7A /* Base */,
			);
			name = Main.storyboard;
			sourceTree = "<group>";
		};
		189D07531D47D9C3000F1D7A /* LaunchScreen.storyboard */ = {
			isa = PBXVariantGroup;
			children = (
				189D07541D47D9C3000F1D7A /* Base */,
			);
			name = LaunchScreen.storyboard;
			sourceTree = "<group>";
		};
/* End PBXVariantGroup section */

/* Begin XCBuildConfiguration section */
		189D07571D47D9C3000F1D7A /* Debug */ = {
			isa = XCBuildConfiguration;
			buildSettings = {
				ALWAYS_SEARCH_USER_PATHS = NO;
				CLANG_ANALYZER_NONNULL = YES;
				CLANG_CXX_LANGUAGE_STANDARD = "gnu++0x";
				CLANG_CXX_LIBRARY = "libc++";
				CLANG_ENABLE_MODULES = YES;
				CLANG_ENABLE_OBJC_ARC = YES;
				CLANG_WARN_BOOL_CONVERSION = YES;
				CLANG_WARN_CONSTANT_CONVERSION = YES;
				CLANG_WARN_DIRECT_OBJC_ISA_USAGE = YES_ERROR;
				CLANG_WARN_DOCUMENTATION_COMMENTS = YES;
				CLANG_WARN_EMPTY_BODY = YES;
				CLANG_WARN_ENUM_CONVERSION = YES;
				CLANG_WARN_INT_CONVERSION = YES;
				CLANG_WARN_OBJC_ROOT_CLASS = YES_ERROR;
				CLANG_WARN_UNREACHABLE_CODE = YES;
				CLANG_WARN__DUPLICATE_METHOD_MATCH = YES;
				"CODE_SIGN_IDENTITY[sdk=iphoneos*]" = "iPhone Developer";
				COPY_PHASE_STRIP = NO;
				DEBUG_INFORMATION_FORMAT = dwarf;
				ENABLE_STRICT_OBJC_MSGSEND = YES;
				ENABLE_TESTABILITY = YES;
				GCC_C_LANGUAGE_STANDARD = gnu99;
				GCC_DYNAMIC_NO_PIC = NO;
				GCC_NO_COMMON_BLOCKS = YES;
				GCC_OPTIMIZATION_LEVEL = 0;
				GCC_PREPROCESSOR_DEFINITIONS = (
					"DEBUG=1",
					"$(inherited)",
				);
				GCC_WARN_64_TO_32_BIT_CONVERSION = YES;
				GCC_WARN_ABOUT_RETURN_TYPE = YES_ERROR;
				GCC_WARN_UNDECLARED_SELECTOR = YES;
				GCC_WARN_UNINITIALIZED_AUTOS = YES_AGGRESSIVE;
				GCC_WARN_UNUSED_FUNCTION = YES;
				GCC_WARN_UNUSED_VARIABLE = YES;
				IPHONEOS_DEPLOYMENT_TARGET = 9.3;
				MTL_ENABLE_DEBUG_INFO = YES;
				ONLY_ACTIVE_ARCH = YES;
				SDKROOT = iphoneos;
				SWIFT_ACTIVE_COMPILATION_CONDITIONS = DEBUG;
				SWIFT_OPTIMIZATION_LEVEL = "-Onone";
				TARGETED_DEVICE_FAMILY = "1,2";
			};
			name = Debug;
		};
		189D07581D47D9C3000F1D7A /* Release */ = {
			isa = XCBuildConfiguration;
			buildSettings = {
				ALWAYS_SEARCH_USER_PATHS = NO;
				CLANG_ANALYZER_NONNULL = YES;
				CLANG_CXX_LANGUAGE_STANDARD = "gnu++0x";
				CLANG_CXX_LIBRARY = "libc++";
				CLANG_ENABLE_MODULES = YES;
				CLANG_ENABLE_OBJC_ARC = YES;
				CLANG_WARN_BOOL_CONVERSION = YES;
				CLANG_WARN_CONSTANT_CONVERSION = YES;
				CLANG_WARN_DIRECT_OBJC_ISA_USAGE = YES_ERROR;
				CLANG_WARN_DOCUMENTATION_COMMENTS = YES;
				CLANG_WARN_EMPTY_BODY = YES;
				CLANG_WARN_ENUM_CONVERSION = YES;
				CLANG_WARN_INT_CONVERSION = YES;
				CLANG_WARN_OBJC_ROOT_CLASS = YES_ERROR;
				CLANG_WARN_UNREACHABLE_CODE = YES;
				CLANG_WARN__DUPLICATE_METHOD_MATCH = YES;
				"CODE_SIGN_IDENTITY[sdk=iphoneos*]" = "iPhone Developer";
				COPY_PHASE_STRIP = NO;
				DEBUG_INFORMATION_FORMAT = "dwarf-with-dsym";
				ENABLE_NS_ASSERTIONS = NO;
				ENABLE_STRICT_OBJC_MSGSEND = YES;
				GCC_C_LANGUAGE_STANDARD = gnu99;
				GCC_NO_COMMON_BLOCKS = YES;
				GCC_WARN_64_TO_32_BIT_CONVERSION = YES;
				GCC_WARN_ABOUT_RETURN_TYPE = YES_ERROR;
				GCC_WARN_UNDECLARED_SELECTOR = YES;
				GCC_WARN_UNINITIALIZED_AUTOS = YES_AGGRESSIVE;
				GCC_WARN_UNUSED_FUNCTION = YES;
				GCC_WARN_UNUSED_VARIABLE = YES;
				IPHONEOS_DEPLOYMENT_TARGET = 9.3;
				MTL_ENABLE_DEBUG_INFO = NO;
				SDKROOT = iphoneos;
				SWIFT_OPTIMIZATION_LEVEL = "-Owholemodule";
				TARGETED_DEVICE_FAMILY = "1,2";
				VALIDATE_PRODUCT = YES;
			};
			name = Release;
		};
		189D075A1D47D9C3000F1D7A /* Debug */ = {
			isa = XCBuildConfiguration;
			buildSettings = {
				ASSETCATALOG_COMPILER_APPICON_NAME = AppIcon;
				INFOPLIST_FILE = testTwo/Info.plist;
				LD_RUNPATH_SEARCH_PATHS = "$(inherited) @executable_path/Frameworks";
				PRODUCT_BUNDLE_IDENTIFIER = com.applewarriors.testTwo;
				PRODUCT_NAME = "$(TARGET_NAME)";
				SWIFT_VERSION = 3.0;
			};
			name = Debug;
		};
		189D075B1D47D9C3000F1D7A /* Release */ = {
			isa = XCBuildConfiguration;
			buildSettings = {
				ASSETCATALOG_COMPILER_APPICON_NAME = AppIcon;
				INFOPLIST_FILE = testTwo/Info.plist;
				LD_RUNPATH_SEARCH_PATHS = "$(inherited) @executable_path/Frameworks";
				PRODUCT_BUNDLE_IDENTIFIER = com.applewarriors.testTwo;
				PRODUCT_NAME = "$(TARGET_NAME)";
				SWIFT_VERSION = 3.0;
			};
			name = Release;
		};
/* End XCBuildConfiguration section */

/* Begin XCConfigurationList section */
		189D07421D47D9C3000F1D7A /* Build configuration list for PBXProject "testTwo" */ = {
			isa = XCConfigurationList;
			buildConfigurations = (
				189D07571D47D9C3000F1D7A /* Debug */,
				189D07581D47D9C3000F1D7A /* Release */,
			);
			defaultConfigurationIsVisible = 0;
			defaultConfigurationName = Release;
		};
		189D07591D47D9C3000F1D7A /* Build configuration list for PBXNativeTarget "testTwo" */ = {
			isa = XCConfigurationList;
			buildConfigurations = (
				189D075A1D47D9C3000F1D7A /* Debug */,
				189D075B1D47D9C3000F1D7A /* Release */,
			);
			defaultConfigurationIsVisible = 0;
		};
/* End XCConfigurationList section */
	};
	rootObject = 189D073F1D47D9C3000F1D7A /* Project object */;
}
