// !$*UTF8*$!
{
	archiveVersion = 1;
	classes = {
	};
	objectVersion = 46;
	objects = {

/* Begin PBXBuildFile section */
		1849AF101D492BC700C7BBDD /* AppDelegate.swift in Sources */ = {isa = PBXBuildFile; fileRef = 1849AF0F1D492BC700C7BBDD /* AppDelegate.swift */; };
		1849AF121D492BC700C7BBDD /* ViewController.swift in Sources */ = {isa = PBXBuildFile; fileRef = 1849AF111D492BC700C7BBDD /* ViewController.swift */; };
		1849AF151D492BC700C7BBDD /* Main.storyboard in Resources */ = {isa = PBXBuildFile; fileRef = 1849AF131D492BC700C7BBDD /* Main.storyboard */; };
		1849AF171D492BC700C7BBDD /* Assets.xcassets in Resources */ = {isa = PBXBuildFile; fileRef = 1849AF161D492BC700C7BBDD /* Assets.xcassets */; };
		1849AF1A1D492BC700C7BBDD /* LaunchScreen.storyboard in Resources */ = {isa = PBXBuildFile; fileRef = 1849AF181D492BC700C7BBDD /* LaunchScreen.storyboard */; };
/* End PBXBuildFile section */

/* Begin PBXFileReference section */
		1849AF0C1D492BC700C7BBDD /* Changing Balance.app */ = {isa = PBXFileReference; explicitFileType = wrapper.application; includeInIndex = 0; path = "Changing Balance.app"; sourceTree = BUILT_PRODUCTS_DIR; };
		1849AF0F1D492BC700C7BBDD /* AppDelegate.swift */ = {isa = PBXFileReference; lastKnownFileType = sourcecode.swift; path = AppDelegate.swift; sourceTree = "<group>"; };
		1849AF111D492BC700C7BBDD /* ViewController.swift */ = {isa = PBXFileReference; lastKnownFileType = sourcecode.swift; path = ViewController.swift; sourceTree = "<group>"; };
		1849AF141D492BC700C7BBDD /* Base */ = {isa = PBXFileReference; lastKnownFileType = file.storyboard; name = Base; path = Base.lproj/Main.storyboard; sourceTree = "<group>"; };
		1849AF161D492BC700C7BBDD /* Assets.xcassets */ = {isa = PBXFileReference; lastKnownFileType = folder.assetcatalog; path = Assets.xcassets; sourceTree = "<group>"; };
		1849AF191D492BC700C7BBDD /* Base */ = {isa = PBXFileReference; lastKnownFileType = file.storyboard; name = Base; path = Base.lproj/LaunchScreen.storyboard; sourceTree = "<group>"; };
		1849AF1B1D492BC700C7BBDD /* Info.plist */ = {isa = PBXFileReference; lastKnownFileType = text.plist.xml; path = Info.plist; sourceTree = "<group>"; };
/* End PBXFileReference section */

/* Begin PBXFrameworksBuildPhase section */
		1849AF091D492BC700C7BBDD /* Frameworks */ = {
			isa = PBXFrameworksBuildPhase;
			buildActionMask = 2147483647;
			files = (
			);
			runOnlyForDeploymentPostprocessing = 0;
		};
/* End PBXFrameworksBuildPhase section */

/* Begin PBXGroup section */
		1849AF031D492BC700C7BBDD = {
			isa = PBXGroup;
			children = (
				1849AF0E1D492BC700C7BBDD /* Changing Balance */,
				1849AF0D1D492BC700C7BBDD /* Products */,
			);
			sourceTree = "<group>";
		};
		1849AF0D1D492BC700C7BBDD /* Products */ = {
			isa = PBXGroup;
			children = (
				1849AF0C1D492BC700C7BBDD /* Changing Balance.app */,
			);
			name = Products;
			sourceTree = "<group>";
		};
		1849AF0E1D492BC700C7BBDD /* Changing Balance */ = {
			isa = PBXGroup;
			children = (
				1849AF0F1D492BC700C7BBDD /* AppDelegate.swift */,
				1849AF111D492BC700C7BBDD /* ViewController.swift */,
				1849AF131D492BC700C7BBDD /* Main.storyboard */,
				1849AF161D492BC700C7BBDD /* Assets.xcassets */,
				1849AF181D492BC700C7BBDD /* LaunchScreen.storyboard */,
				1849AF1B1D492BC700C7BBDD /* Info.plist */,
			);
			path = "Changing Balance";
			sourceTree = "<group>";
		};
/* End PBXGroup section */

/* Begin PBXNativeTarget section */
		1849AF0B1D492BC700C7BBDD /* Changing Balance */ = {
			isa = PBXNativeTarget;
			buildConfigurationList = 1849AF1E1D492BC700C7BBDD /* Build configuration list for PBXNativeTarget "Changing Balance" */;
			buildPhases = (
				1849AF081D492BC700C7BBDD /* Sources */,
				1849AF091D492BC700C7BBDD /* Frameworks */,
				1849AF0A1D492BC700C7BBDD /* Resources */,
			);
			buildRules = (
			);
			dependencies = (
			);
			name = "Changing Balance";
			productName = "Changing Balance";
			productReference = 1849AF0C1D492BC700C7BBDD /* Changing Balance.app */;
			productType = "com.apple.product-type.application";
		};
/* End PBXNativeTarget section */

/* Begin PBXProject section */
		1849AF041D492BC700C7BBDD /* Project object */ = {
			isa = PBXProject;
			attributes = {
				LastSwiftUpdateCheck = 0800;
				LastUpgradeCheck = 0800;
				ORGANIZATIONNAME = "Apple Warriors";
				TargetAttributes = {
					1849AF0B1D492BC700C7BBDD = {
						CreatedOnToolsVersion = 8.0;
						DevelopmentTeam = RPSP6RN6WU;
						DevelopmentTeamName = "Swetha Prabakaran (Personal Team)";
						ProvisioningStyle = Automatic;
					};
				};
			};
			buildConfigurationList = 1849AF071D492BC700C7BBDD /* Build configuration list for PBXProject "Changing Balance" */;
			compatibilityVersion = "Xcode 3.2";
			developmentRegion = English;
			hasScannedForEncodings = 0;
			knownRegions = (
				en,
				Base,
			);
			mainGroup = 1849AF031D492BC700C7BBDD;
			productRefGroup = 1849AF0D1D492BC700C7BBDD /* Products */;
			projectDirPath = "";
			projectRoot = "";
			targets = (
				1849AF0B1D492BC700C7BBDD /* Changing Balance */,
			);
		};
/* End PBXProject section */

/* Begin PBXResourcesBuildPhase section */
		1849AF0A1D492BC700C7BBDD /* Resources */ = {
			isa = PBXResourcesBuildPhase;
			buildActionMask = 2147483647;
			files = (
				1849AF1A1D492BC700C7BBDD /* LaunchScreen.storyboard in Resources */,
				1849AF171D492BC700C7BBDD /* Assets.xcassets in Resources */,
				1849AF151D492BC700C7BBDD /* Main.storyboard in Resources */,
			);
			runOnlyForDeploymentPostprocessing = 0;
		};
/* End PBXResourcesBuildPhase section */

/* Begin PBXSourcesBuildPhase section */
		1849AF081D492BC700C7BBDD /* Sources */ = {
			isa = PBXSourcesBuildPhase;
			buildActionMask = 2147483647;
			files = (
				1849AF121D492BC700C7BBDD /* ViewController.swift in Sources */,
				1849AF101D492BC700C7BBDD /* AppDelegate.swift in Sources */,
			);
			runOnlyForDeploymentPostprocessing = 0;
		};
/* End PBXSourcesBuildPhase section */

/* Begin PBXVariantGroup section */
		1849AF131D492BC700C7BBDD /* Main.storyboard */ = {
			isa = PBXVariantGroup;
			children = (
				1849AF141D492BC700C7BBDD /* Base */,
			);
			name = Main.storyboard;
			sourceTree = "<group>";
		};
		1849AF181D492BC700C7BBDD /* LaunchScreen.storyboard */ = {
			isa = PBXVariantGroup;
			children = (
				1849AF191D492BC700C7BBDD /* Base */,
			);
			name = LaunchScreen.storyboard;
			sourceTree = "<group>";
		};
/* End PBXVariantGroup section */

/* Begin XCBuildConfiguration section */
		1849AF1C1D492BC700C7BBDD /* Debug */ = {
			isa = XCBuildConfiguration;
			buildSettings = {
				ALWAYS_SEARCH_USER_PATHS = NO;
				CLANG_ANALYZER_NONNULL = YES;
				CLANG_CXX_LANGUAGE_STANDARD = "gnu++0x";
				CLANG_CXX_LIBRARY = "libc++";
				CLANG_ENABLE_MODULES = YES;
				CLANG_ENABLE_OBJC_ARC = YES;
				CLANG_WARN_BOOL_CONVERSION = YES;
				CLANG_WARN_CONSTANT_CONVERSION = YES;
				CLANG_WARN_DIRECT_OBJC_ISA_USAGE = YES_ERROR;
				CLANG_WARN_DOCUMENTATION_COMMENTS = YES;
				CLANG_WARN_EMPTY_BODY = YES;
				CLANG_WARN_ENUM_CONVERSION = YES;
				CLANG_WARN_INT_CONVERSION = YES;
				CLANG_WARN_OBJC_ROOT_CLASS = YES_ERROR;
				CLANG_WARN_UNREACHABLE_CODE = YES;
				CLANG_WARN__DUPLICATE_METHOD_MATCH = YES;
				"CODE_SIGN_IDENTITY[sdk=iphoneos*]" = "iPhone Developer";
				COPY_PHASE_STRIP = NO;
				DEBUG_INFORMATION_FORMAT = dwarf;
				ENABLE_STRICT_OBJC_MSGSEND = YES;
				ENABLE_TESTABILITY = YES;
				GCC_C_LANGUAGE_STANDARD = gnu99;
				GCC_DYNAMIC_NO_PIC = NO;
				GCC_NO_COMMON_BLOCKS = YES;
				GCC_OPTIMIZATION_LEVEL = 0;
				GCC_PREPROCESSOR_DEFINITIONS = (
					"DEBUG=1",
					"$(inherited)",
				);
				GCC_WARN_64_TO_32_BIT_CONVERSION = YES;
				GCC_WARN_ABOUT_RETURN_TYPE = YES_ERROR;
				GCC_WARN_UNDECLARED_SELECTOR = YES;
				GCC_WARN_UNINITIALIZED_AUTOS = YES_AGGRESSIVE;
				GCC_WARN_UNUSED_FUNCTION = YES;
				GCC_WARN_UNUSED_VARIABLE = YES;
				IPHONEOS_DEPLOYMENT_TARGET = 9.3;
				MTL_ENABLE_DEBUG_INFO = YES;
				ONLY_ACTIVE_ARCH = YES;
				SDKROOT = iphoneos;
				SWIFT_ACTIVE_COMPILATION_CONDITIONS = DEBUG;
				SWIFT_OPTIMIZATION_LEVEL = "-Onone";
				TARGETED_DEVICE_FAMILY = "1,2";
			};
			name = Debug;
		};
		1849AF1D1D492BC700C7BBDD /* Release */ = {
			isa = XCBuildConfiguration;
			buildSettings = {
				ALWAYS_SEARCH_USER_PATHS = NO;
				CLANG_ANALYZER_NONNULL = YES;
				CLANG_CXX_LANGUAGE_STANDARD = "gnu++0x";
				CLANG_CXX_LIBRARY = "libc++";
				CLANG_ENABLE_MODULES = YES;
				CLANG_ENABLE_OBJC_ARC = YES;
				CLANG_WARN_BOOL_CONVERSION = YES;
				CLANG_WARN_CONSTANT_CONVERSION = YES;
				CLANG_WARN_DIRECT_OBJC_ISA_USAGE = YES_ERROR;
				CLANG_WARN_DOCUMENTATION_COMMENTS = YES;
				CLANG_WARN_EMPTY_BODY = YES;
				CLANG_WARN_ENUM_CONVERSION = YES;
				CLANG_WARN_INT_CONVERSION = YES;
				CLANG_WARN_OBJC_ROOT_CLASS = YES_ERROR;
				CLANG_WARN_UNREACHABLE_CODE = YES;
				CLANG_WARN__DUPLICATE_METHOD_MATCH = YES;
				"CODE_SIGN_IDENTITY[sdk=iphoneos*]" = "iPhone Developer";
				COPY_PHASE_STRIP = NO;
				DEBUG_INFORMATION_FORMAT = "dwarf-with-dsym";
				ENABLE_NS_ASSERTIONS = NO;
				ENABLE_STRICT_OBJC_MSGSEND = YES;
				GCC_C_LANGUAGE_STANDARD = gnu99;
				GCC_NO_COMMON_BLOCKS = YES;
				GCC_WARN_64_TO_32_BIT_CONVERSION = YES;
				GCC_WARN_ABOUT_RETURN_TYPE = YES_ERROR;
				GCC_WARN_UNDECLARED_SELECTOR = YES;
				GCC_WARN_UNINITIALIZED_AUTOS = YES_AGGRESSIVE;
				GCC_WARN_UNUSED_FUNCTION = YES;
				GCC_WARN_UNUSED_VARIABLE = YES;
				IPHONEOS_DEPLOYMENT_TARGET = 9.3;
				MTL_ENABLE_DEBUG_INFO = NO;
				SDKROOT = iphoneos;
				SWIFT_OPTIMIZATION_LEVEL = "-Owholemodule";
				TARGETED_DEVICE_FAMILY = "1,2";
				VALIDATE_PRODUCT = YES;
			};
			name = Release;
		};
		1849AF1F1D492BC700C7BBDD /* Debug */ = {
			isa = XCBuildConfiguration;
			buildSettings = {
				ASSETCATALOG_COMPILER_APPICON_NAME = AppIcon;
				INFOPLIST_FILE = "Changing Balance/Info.plist";
				LD_RUNPATH_SEARCH_PATHS = "$(inherited) @executable_path/Frameworks";
				PRODUCT_BUNDLE_IDENTIFIER = "com.applewarriors.Changing-Balance";
				PRODUCT_NAME = "$(TARGET_NAME)";
				SWIFT_VERSION = 3.0;
			};
			name = Debug;
		};
		1849AF201D492BC700C7BBDD /* Release */ = {
			isa = XCBuildConfiguration;
			buildSettings = {
				ASSETCATALOG_COMPILER_APPICON_NAME = AppIcon;
				INFOPLIST_FILE = "Changing Balance/Info.plist";
				LD_RUNPATH_SEARCH_PATHS = "$(inherited) @executable_path/Frameworks";
				PRODUCT_BUNDLE_IDENTIFIER = "com.applewarriors.Changing-Balance";
				PRODUCT_NAME = "$(TARGET_NAME)";
				SWIFT_VERSION = 3.0;
			};
			name = Release;
		};
/* End XCBuildConfiguration section */

/* Begin XCConfigurationList section */
		1849AF071D492BC700C7BBDD /* Build configuration list for PBXProject "Changing Balance" */ = {
			isa = XCConfigurationList;
			buildConfigurations = (
				1849AF1C1D492BC700C7BBDD /* Debug */,
				1849AF1D1D492BC700C7BBDD /* Release */,
			);
			defaultConfigurationIsVisible = 0;
			defaultConfigurationName = Release;
		};
		1849AF1E1D492BC700C7BBDD /* Build configuration list for PBXNativeTarget "Changing Balance" */ = {
			isa = XCConfigurationList;
			buildConfigurations = (
				1849AF1F1D492BC700C7BBDD /* Debug */,
				1849AF201D492BC700C7BBDD /* Release */,
			);
			defaultConfigurationIsVisible = 0;
			defaultConfigurationName = Release;
		};
/* End XCConfigurationList section */
	};
	rootObject = 1849AF041D492BC700C7BBDD /* Project object */;
}
